// !$*UTF8*$!
{
	archiveVersion = 1;
	classes = {
	};
	objectVersion = 46;
	objects = {

/* Begin PBXBuildFile section */
		15724E171D40D29E0020F505 /* oeiras.gpx in Resources */ = {isa = PBXBuildFile; fileRef = 15724E161D40D29E0020F505 /* oeiras.gpx */; };
		30CE0DF51D3FB8C700E150AA /* AppDelegate.swift in Sources */ = {isa = PBXBuildFile; fileRef = 30CE0DF41D3FB8C700E150AA /* AppDelegate.swift */; };
		30CE0DF71D3FB8C700E150AA /* MapViewController.swift in Sources */ = {isa = PBXBuildFile; fileRef = 30CE0DF61D3FB8C700E150AA /* MapViewController.swift */; };
		30CE0DFC1D3FB8C700E150AA /* Assets.xcassets in Resources */ = {isa = PBXBuildFile; fileRef = 30CE0DFB1D3FB8C700E150AA /* Assets.xcassets */; };
		30CE0DFF1D3FB8C700E150AA /* LaunchScreen.storyboard in Resources */ = {isa = PBXBuildFile; fileRef = 30CE0DFD1D3FB8C700E150AA /* LaunchScreen.storyboard */; };
		30CE0E071D3FB9BF00E150AA /* Pokemon.swift in Sources */ = {isa = PBXBuildFile; fileRef = 30CE0E061D3FB9BF00E150AA /* Pokemon.swift */; };
		30CE0E0E1D3FB9FD00E150AA /* Network.swift in Sources */ = {isa = PBXBuildFile; fileRef = 30CE0E0D1D3FB9FD00E150AA /* Network.swift */; };
		30CE0E101D3FBA2800E150AA /* API.swift in Sources */ = {isa = PBXBuildFile; fileRef = 30CE0E0F1D3FBA2800E150AA /* API.swift */; };
		30CE0E131D3FBB4800E150AA /* Pokemons.json in Resources */ = {isa = PBXBuildFile; fileRef = 30CE0E121D3FBB4800E150AA /* Pokemons.json */; };
		30CE0E161D3FBD1E00E150AA /* JSONReader.swift in Sources */ = {isa = PBXBuildFile; fileRef = 30CE0E151D3FBD1E00E150AA /* JSONReader.swift */; };
		30CE0E181D3FBE3700E150AA /* JSONHelper.swift in Sources */ = {isa = PBXBuildFile; fileRef = 30CE0E171D3FBE3700E150AA /* JSONHelper.swift */; };
		30CE0E1A1D3FBE5000E150AA /* FileReader.swift in Sources */ = {isa = PBXBuildFile; fileRef = 30CE0E191D3FBE5000E150AA /* FileReader.swift */; };
		30CE0E1D1D3FBEF400E150AA /* EpochDateTransform.swift in Sources */ = {isa = PBXBuildFile; fileRef = 30CE0E1C1D3FBEF400E150AA /* EpochDateTransform.swift */; };
		30CE0E201D3FBF2000E150AA /* PokemonMapViewModel.swift in Sources */ = {isa = PBXBuildFile; fileRef = 30CE0E1F1D3FBF2000E150AA /* PokemonMapViewModel.swift */; };
		30CE0E221D3FC12C00E150AA /* Response+PokeVision.swift in Sources */ = {isa = PBXBuildFile; fileRef = 30CE0E211D3FC12C00E150AA /* Response+PokeVision.swift */; };
		30CE0E241D3FC31900E150AA /* Observable+Void.swift in Sources */ = {isa = PBXBuildFile; fileRef = 30CE0E231D3FC31900E150AA /* Observable+Void.swift */; };
		30CE0E281D3FC47200E150AA /* PokemonMapItemViewModel.swift in Sources */ = {isa = PBXBuildFile; fileRef = 30CE0E271D3FC47200E150AA /* PokemonMapItemViewModel.swift */; };
		30CE0E2A1D3FC4D700E150AA /* Pokedex.json in Resources */ = {isa = PBXBuildFile; fileRef = 30CE0E291D3FC4D700E150AA /* Pokedex.json */; };
		30CE0E2E1D3FC57C00E150AA /* PokedexHelper.swift in Sources */ = {isa = PBXBuildFile; fileRef = 30CE0E2D1D3FC57C00E150AA /* PokedexHelper.swift */; };
		30CE0E311D3FC83000E150AA /* NSTimer+Rx.swift in Sources */ = {isa = PBXBuildFile; fileRef = 30CE0E301D3FC83000E150AA /* NSTimer+Rx.swift */; };
		30CE0E331D3FD1F200E150AA /* Array+Unique.swift in Sources */ = {isa = PBXBuildFile; fileRef = 30CE0E321D3FD1F200E150AA /* Array+Unique.swift */; };
		30CE0E371D3FD4D300E150AA /* PokemonAnnotation.swift in Sources */ = {isa = PBXBuildFile; fileRef = 30CE0E361D3FD4D300E150AA /* PokemonAnnotation.swift */; };
		30CE0E3B1D3FDDA000E150AA /* RarePokemons.json in Resources */ = {isa = PBXBuildFile; fileRef = 30CE0E3A1D3FDDA000E150AA /* RarePokemons.json */; };
		30CE0E3D1D3FDF9F00E150AA /* WatchlistViewController.swift in Sources */ = {isa = PBXBuildFile; fileRef = 30CE0E3C1D3FDF9F00E150AA /* WatchlistViewController.swift */; };
		30CE0E411D3FDFD000E150AA /* PokemonWatchlistViewModel.swift in Sources */ = {isa = PBXBuildFile; fileRef = 30CE0E401D3FDFD000E150AA /* PokemonWatchlistViewModel.swift */; };
		30CE0E431D3FDFE700E150AA /* PokemonWatchlistItemViewModel.swift in Sources */ = {isa = PBXBuildFile; fileRef = 30CE0E421D3FDFE700E150AA /* PokemonWatchlistItemViewModel.swift */; };
		30CE0E461D3FE25800E150AA /* Globals.swift in Sources */ = {isa = PBXBuildFile; fileRef = 30CE0E451D3FE25800E150AA /* Globals.swift */; };
		30CE0E491D3FE35D00E150AA /* WatchlistTableViewCell.swift in Sources */ = {isa = PBXBuildFile; fileRef = 30CE0E481D3FE35D00E150AA /* WatchlistTableViewCell.swift */; };
		30CE0E4C1D3FE37C00E150AA /* ReusableCell.swift in Sources */ = {isa = PBXBuildFile; fileRef = 30CE0E4B1D3FE37C00E150AA /* ReusableCell.swift */; };
		30CE0E4E1D3FE53F00E150AA /* NSObject+ClassName.swift in Sources */ = {isa = PBXBuildFile; fileRef = 30CE0E4D1D3FE53F00E150AA /* NSObject+ClassName.swift */; };
		30F6611D1D3FF08B0035150B /* LocationHelper.swift in Sources */ = {isa = PBXBuildFile; fileRef = 30F6611C1D3FF08B0035150B /* LocationHelper.swift */; };
		30F661251D41386E0035150B /* PokeMapTests.swift in Sources */ = {isa = PBXBuildFile; fileRef = 30F661241D41386E0035150B /* PokeMapTests.swift */; };
		30F6612F1D413FCC0035150B /* Scan.json in Resources */ = {isa = PBXBuildFile; fileRef = 30F6612E1D413FCC0035150B /* Scan.json */; };
		30F661311D4140210035150B /* ScanJob.swift in Sources */ = {isa = PBXBuildFile; fileRef = 30F661301D4140210035150B /* ScanJob.swift */; };
		8AA5EB951D4298D000A426FB /* Main 2.storyboard in Resources */ = {isa = PBXBuildFile; fileRef = 8AA5EB941D4298D000A426FB /* Main 2.storyboard */; };
		A9B73BD4859B0690A265A334 /* Pods_PokeMap.framework in Frameworks */ = {isa = PBXBuildFile; fileRef = 7072DCD8B4807F5F1AB9C67A /* Pods_PokeMap.framework */; };
/* End PBXBuildFile section */

/* Begin PBXContainerItemProxy section */
		30F661271D41386E0035150B /* PBXContainerItemProxy */ = {
			isa = PBXContainerItemProxy;
			containerPortal = 30CE0DE91D3FB8C700E150AA /* Project object */;
			proxyType = 1;
			remoteGlobalIDString = 30CE0DF01D3FB8C700E150AA;
			remoteInfo = PokeMap;
		};
/* End PBXContainerItemProxy section */

/* Begin PBXFileReference section */
		15724E161D40D29E0020F505 /* oeiras.gpx */ = {isa = PBXFileReference; fileEncoding = 4; lastKnownFileType = text.xml; path = oeiras.gpx; sourceTree = "<group>"; };
		30CE0DF11D3FB8C700E150AA /* PokeMap.app */ = {isa = PBXFileReference; explicitFileType = wrapper.application; includeInIndex = 0; path = PokeMap.app; sourceTree = BUILT_PRODUCTS_DIR; };
		30CE0DF41D3FB8C700E150AA /* AppDelegate.swift */ = {isa = PBXFileReference; lastKnownFileType = sourcecode.swift; path = AppDelegate.swift; sourceTree = "<group>"; };
		30CE0DF61D3FB8C700E150AA /* MapViewController.swift */ = {isa = PBXFileReference; lastKnownFileType = sourcecode.swift; path = MapViewController.swift; sourceTree = "<group>"; };
		30CE0DFB1D3FB8C700E150AA /* Assets.xcassets */ = {isa = PBXFileReference; lastKnownFileType = folder.assetcatalog; path = Assets.xcassets; sourceTree = "<group>"; };
		30CE0DFE1D3FB8C700E150AA /* Base */ = {isa = PBXFileReference; lastKnownFileType = file.storyboard; name = Base; path = Base.lproj/LaunchScreen.storyboard; sourceTree = "<group>"; };
		30CE0E001D3FB8C700E150AA /* Info.plist */ = {isa = PBXFileReference; lastKnownFileType = text.plist.xml; path = Info.plist; sourceTree = "<group>"; };
		30CE0E061D3FB9BF00E150AA /* Pokemon.swift */ = {isa = PBXFileReference; fileEncoding = 4; lastKnownFileType = sourcecode.swift; path = Pokemon.swift; sourceTree = "<group>"; };
		30CE0E0D1D3FB9FD00E150AA /* Network.swift */ = {isa = PBXFileReference; fileEncoding = 4; lastKnownFileType = sourcecode.swift; path = Network.swift; sourceTree = "<group>"; };
		30CE0E0F1D3FBA2800E150AA /* API.swift */ = {isa = PBXFileReference; fileEncoding = 4; lastKnownFileType = sourcecode.swift; path = API.swift; sourceTree = "<group>"; };
		30CE0E121D3FBB4800E150AA /* Pokemons.json */ = {isa = PBXFileReference; fileEncoding = 4; lastKnownFileType = text.json; path = Pokemons.json; sourceTree = "<group>"; };
		30CE0E151D3FBD1E00E150AA /* JSONReader.swift */ = {isa = PBXFileReference; fileEncoding = 4; lastKnownFileType = sourcecode.swift; path = JSONReader.swift; sourceTree = "<group>"; };
		30CE0E171D3FBE3700E150AA /* JSONHelper.swift */ = {isa = PBXFileReference; fileEncoding = 4; lastKnownFileType = sourcecode.swift; path = JSONHelper.swift; sourceTree = "<group>"; };
		30CE0E191D3FBE5000E150AA /* FileReader.swift */ = {isa = PBXFileReference; fileEncoding = 4; lastKnownFileType = sourcecode.swift; path = FileReader.swift; sourceTree = "<group>"; };
		30CE0E1C1D3FBEF400E150AA /* EpochDateTransform.swift */ = {isa = PBXFileReference; fileEncoding = 4; lastKnownFileType = sourcecode.swift; path = EpochDateTransform.swift; sourceTree = "<group>"; };
		30CE0E1F1D3FBF2000E150AA /* PokemonMapViewModel.swift */ = {isa = PBXFileReference; fileEncoding = 4; lastKnownFileType = sourcecode.swift; path = PokemonMapViewModel.swift; sourceTree = "<group>"; };
		30CE0E211D3FC12C00E150AA /* Response+PokeVision.swift */ = {isa = PBXFileReference; fileEncoding = 4; lastKnownFileType = sourcecode.swift; path = "Response+PokeVision.swift"; sourceTree = "<group>"; };
		30CE0E231D3FC31900E150AA /* Observable+Void.swift */ = {isa = PBXFileReference; fileEncoding = 4; lastKnownFileType = sourcecode.swift; path = "Observable+Void.swift"; sourceTree = "<group>"; };
		30CE0E271D3FC47200E150AA /* PokemonMapItemViewModel.swift */ = {isa = PBXFileReference; fileEncoding = 4; lastKnownFileType = sourcecode.swift; path = PokemonMapItemViewModel.swift; sourceTree = "<group>"; };
		30CE0E291D3FC4D700E150AA /* Pokedex.json */ = {isa = PBXFileReference; fileEncoding = 4; lastKnownFileType = text.json; path = Pokedex.json; sourceTree = "<group>"; };
		30CE0E2D1D3FC57C00E150AA /* PokedexHelper.swift */ = {isa = PBXFileReference; fileEncoding = 4; lastKnownFileType = sourcecode.swift; path = PokedexHelper.swift; sourceTree = "<group>"; };
		30CE0E301D3FC83000E150AA /* NSTimer+Rx.swift */ = {isa = PBXFileReference; fileEncoding = 4; lastKnownFileType = sourcecode.swift; path = "NSTimer+Rx.swift"; sourceTree = "<group>"; };
		30CE0E321D3FD1F200E150AA /* Array+Unique.swift */ = {isa = PBXFileReference; fileEncoding = 4; lastKnownFileType = sourcecode.swift; path = "Array+Unique.swift"; sourceTree = "<group>"; };
		30CE0E361D3FD4D300E150AA /* PokemonAnnotation.swift */ = {isa = PBXFileReference; fileEncoding = 4; lastKnownFileType = sourcecode.swift; path = PokemonAnnotation.swift; sourceTree = "<group>"; };
		30CE0E3A1D3FDDA000E150AA /* RarePokemons.json */ = {isa = PBXFileReference; fileEncoding = 4; lastKnownFileType = text.json; path = RarePokemons.json; sourceTree = "<group>"; };
		30CE0E3C1D3FDF9F00E150AA /* WatchlistViewController.swift */ = {isa = PBXFileReference; fileEncoding = 4; lastKnownFileType = sourcecode.swift; path = WatchlistViewController.swift; sourceTree = "<group>"; };
		30CE0E401D3FDFD000E150AA /* PokemonWatchlistViewModel.swift */ = {isa = PBXFileReference; fileEncoding = 4; lastKnownFileType = sourcecode.swift; path = PokemonWatchlistViewModel.swift; sourceTree = "<group>"; };
		30CE0E421D3FDFE700E150AA /* PokemonWatchlistItemViewModel.swift */ = {isa = PBXFileReference; fileEncoding = 4; lastKnownFileType = sourcecode.swift; path = PokemonWatchlistItemViewModel.swift; sourceTree = "<group>"; };
		30CE0E451D3FE25800E150AA /* Globals.swift */ = {isa = PBXFileReference; fileEncoding = 4; lastKnownFileType = sourcecode.swift; path = Globals.swift; sourceTree = "<group>"; };
		30CE0E481D3FE35D00E150AA /* WatchlistTableViewCell.swift */ = {isa = PBXFileReference; fileEncoding = 4; lastKnownFileType = sourcecode.swift; path = WatchlistTableViewCell.swift; sourceTree = "<group>"; };
		30CE0E4B1D3FE37C00E150AA /* ReusableCell.swift */ = {isa = PBXFileReference; fileEncoding = 4; lastKnownFileType = sourcecode.swift; path = ReusableCell.swift; sourceTree = "<group>"; };
		30CE0E4D1D3FE53F00E150AA /* NSObject+ClassName.swift */ = {isa = PBXFileReference; fileEncoding = 4; lastKnownFileType = sourcecode.swift; path = "NSObject+ClassName.swift"; sourceTree = "<group>"; };
		30F6611C1D3FF08B0035150B /* LocationHelper.swift */ = {isa = PBXFileReference; fileEncoding = 4; lastKnownFileType = sourcecode.swift; path = LocationHelper.swift; sourceTree = "<group>"; };
		30F661221D41386E0035150B /* PokeMapTests.xctest */ = {isa = PBXFileReference; explicitFileType = wrapper.cfbundle; includeInIndex = 0; path = PokeMapTests.xctest; sourceTree = BUILT_PRODUCTS_DIR; };
		30F661241D41386E0035150B /* PokeMapTests.swift */ = {isa = PBXFileReference; lastKnownFileType = sourcecode.swift; path = PokeMapTests.swift; sourceTree = "<group>"; };
		30F661261D41386E0035150B /* Info.plist */ = {isa = PBXFileReference; lastKnownFileType = text.plist.xml; path = Info.plist; sourceTree = "<group>"; };
		30F6612E1D413FCC0035150B /* Scan.json */ = {isa = PBXFileReference; fileEncoding = 4; lastKnownFileType = text.json; path = Scan.json; sourceTree = "<group>"; };
		30F661301D4140210035150B /* ScanJob.swift */ = {isa = PBXFileReference; fileEncoding = 4; lastKnownFileType = sourcecode.swift; path = ScanJob.swift; sourceTree = "<group>"; };
		7072DCD8B4807F5F1AB9C67A /* Pods_PokeMap.framework */ = {isa = PBXFileReference; explicitFileType = wrapper.framework; includeInIndex = 0; path = Pods_PokeMap.framework; sourceTree = BUILT_PRODUCTS_DIR; };
		8AA5EB941D4298D000A426FB /* Main 2.storyboard */ = {isa = PBXFileReference; fileEncoding = 4; lastKnownFileType = file.storyboard; path = "Main 2.storyboard"; sourceTree = "<group>"; };
		983BBED647ED8D9CDAEEF6A5 /* Pods-PokeMap.release.xcconfig */ = {isa = PBXFileReference; includeInIndex = 1; lastKnownFileType = text.xcconfig; name = "Pods-PokeMap.release.xcconfig"; path = "Pods/Target Support Files/Pods-PokeMap/Pods-PokeMap.release.xcconfig"; sourceTree = "<group>"; };
		E9A616EE7704B8A3FAC34170 /* Pods-PokeMap.debug.xcconfig */ = {isa = PBXFileReference; includeInIndex = 1; lastKnownFileType = text.xcconfig; name = "Pods-PokeMap.debug.xcconfig"; path = "Pods/Target Support Files/Pods-PokeMap/Pods-PokeMap.debug.xcconfig"; sourceTree = "<group>"; };
/* End PBXFileReference section */

/* Begin PBXFrameworksBuildPhase section */
		30CE0DEE1D3FB8C700E150AA /* Frameworks */ = {
			isa = PBXFrameworksBuildPhase;
			buildActionMask = 2147483647;
			files = (
				A9B73BD4859B0690A265A334 /* Pods_PokeMap.framework in Frameworks */,
			);
			runOnlyForDeploymentPostprocessing = 0;
		};
		30F6611F1D41386E0035150B /* Frameworks */ = {
			isa = PBXFrameworksBuildPhase;
			buildActionMask = 2147483647;
			files = (
			);
			runOnlyForDeploymentPostprocessing = 0;
		};
/* End PBXFrameworksBuildPhase section */

/* Begin PBXGroup section */
		15724E151D40D2710020F505 /* LocationFiles */ = {
			isa = PBXGroup;
			children = (
				15724E161D40D29E0020F505 /* oeiras.gpx */,
			);
			path = LocationFiles;
			sourceTree = "<group>";
		};
		30CE0DE81D3FB8C700E150AA = {
			isa = PBXGroup;
			children = (
				30F661231D41386E0035150B /* PokeMapTests */,
				7649783AA197CFCC71822829 /* Frameworks */,
				4818B41DC43E65FF3FABA9DA /* Pods */,
				30CE0DF31D3FB8C700E150AA /* PokeMap */,
				30CE0DF21D3FB8C700E150AA /* Products */,
			);
			sourceTree = "<group>";
		};
		30CE0DF21D3FB8C700E150AA /* Products */ = {
			isa = PBXGroup;
			children = (
				30CE0DF11D3FB8C700E150AA /* PokeMap.app */,
				30F661221D41386E0035150B /* PokeMapTests.xctest */,
			);
			name = Products;
			sourceTree = "<group>";
		};
		30CE0DF31D3FB8C700E150AA /* PokeMap */ = {
			isa = PBXGroup;
			children = (
				30CE0E0A1D3FB9CF00E150AA /* AppDelegate */,
				30CE0E2F1D3FC68B00E150AA /* Extensions */,
				30CE0E441D3FE25000E150AA /* Globals */,
				30CE0E141D3FBD1300E150AA /* Helpers */,
				30CE0E081D3FB9C200E150AA /* Model */,
				30CE0E0C1D3FB9E500E150AA /* Network */,
				30CE0E4A1D3FE37400E150AA /* Protocols */,
				30CE0E091D3FB9CB00E150AA /* Resources */,
				30CE0E0B1D3FB9D900E150AA /* View Controllers */,
				30CE0E1E1D3FBF1200E150AA /* ViewModels */,
				30CE0E341D3FD4B300E150AA /* Views */,
			);
			path = PokeMap;
			sourceTree = "<group>";
		};
		30CE0E081D3FB9C200E150AA /* Model */ = {
			isa = PBXGroup;
			children = (
				30CE0E1B1D3FBEE600E150AA /* Transforms */,
				30CE0E061D3FB9BF00E150AA /* Pokemon.swift */,
				30F661301D4140210035150B /* ScanJob.swift */,
			);
			path = Model;
			sourceTree = "<group>";
		};
		30CE0E091D3FB9CB00E150AA /* Resources */ = {
			isa = PBXGroup;
			children = (
				30CE0E111D3FBB3700E150AA /* JSON */,
				15724E151D40D2710020F505 /* LocationFiles */,
				30CE0DFB1D3FB8C700E150AA /* Assets.xcassets */,
				30CE0E001D3FB8C700E150AA /* Info.plist */,
				30CE0DFD1D3FB8C700E150AA /* LaunchScreen.storyboard */,
			);
			path = Resources;
			sourceTree = "<group>";
		};
		30CE0E0A1D3FB9CF00E150AA /* AppDelegate */ = {
			isa = PBXGroup;
			children = (
				30CE0DF41D3FB8C700E150AA /* AppDelegate.swift */,
			);
			path = AppDelegate;
			sourceTree = "<group>";
		};
		30CE0E0B1D3FB9D900E150AA /* View Controllers */ = {
			isa = PBXGroup;
			children = (
				8AA5EB941D4298D000A426FB /* Main 2.storyboard */,
				30CE0DF61D3FB8C700E150AA /* MapViewController.swift */,
				30CE0E3C1D3FDF9F00E150AA /* WatchlistViewController.swift */,
			);
			path = "View Controllers";
			sourceTree = "<group>";
		};
		30CE0E0C1D3FB9E500E150AA /* Network */ = {
			isa = PBXGroup;
			children = (
				30CE0E0F1D3FBA2800E150AA /* API.swift */,
				30CE0E0D1D3FB9FD00E150AA /* Network.swift */,
				30CE0E211D3FC12C00E150AA /* Response+PokeVision.swift */,
			);
			path = Network;
			sourceTree = "<group>";
		};
		30CE0E111D3FBB3700E150AA /* JSON */ = {
			isa = PBXGroup;
			children = (
				30CE0E291D3FC4D700E150AA /* Pokedex.json */,
				30CE0E121D3FBB4800E150AA /* Pokemons.json */,
				30CE0E3A1D3FDDA000E150AA /* RarePokemons.json */,
				30F6612E1D413FCC0035150B /* Scan.json */,
			);
			path = JSON;
			sourceTree = "<group>";
		};
		30CE0E141D3FBD1300E150AA /* Helpers */ = {
			isa = PBXGroup;
			children = (
				30CE0E191D3FBE5000E150AA /* FileReader.swift */,
				30CE0E171D3FBE3700E150AA /* JSONHelper.swift */,
				30CE0E151D3FBD1E00E150AA /* JSONReader.swift */,
				30F6611C1D3FF08B0035150B /* LocationHelper.swift */,
				30CE0E231D3FC31900E150AA /* Observable+Void.swift */,
				30CE0E2D1D3FC57C00E150AA /* PokedexHelper.swift */,
			);
			path = Helpers;
			sourceTree = "<group>";
		};
		30CE0E1B1D3FBEE600E150AA /* Transforms */ = {
			isa = PBXGroup;
			children = (
				30CE0E1C1D3FBEF400E150AA /* EpochDateTransform.swift */,
			);
			path = Transforms;
			sourceTree = "<group>";
		};
		30CE0E1E1D3FBF1200E150AA /* ViewModels */ = {
			isa = PBXGroup;
			children = (
				30CE0E3E1D3FDFB900E150AA /* Map */,
				30CE0E3F1D3FDFC000E150AA /* Watchlist */,
			);
			path = ViewModels;
			sourceTree = "<group>";
		};
		30CE0E2F1D3FC68B00E150AA /* Extensions */ = {
			isa = PBXGroup;
			children = (
				30CE0E321D3FD1F200E150AA /* Array+Unique.swift */,
				30CE0E4D1D3FE53F00E150AA /* NSObject+ClassName.swift */,
				30CE0E301D3FC83000E150AA /* NSTimer+Rx.swift */,
			);
			path = Extensions;
			sourceTree = "<group>";
		};
		30CE0E341D3FD4B300E150AA /* Views */ = {
			isa = PBXGroup;
			children = (
				30CE0E351D3FD4BA00E150AA /* Annotations */,
				30CE0E471D3FE35000E150AA /* Cells */,
			);
			path = Views;
			sourceTree = "<group>";
		};
		30CE0E351D3FD4BA00E150AA /* Annotations */ = {
			isa = PBXGroup;
			children = (
				30CE0E361D3FD4D300E150AA /* PokemonAnnotation.swift */,
			);
			path = Annotations;
			sourceTree = "<group>";
		};
		30CE0E3E1D3FDFB900E150AA /* Map */ = {
			isa = PBXGroup;
			children = (
				30CE0E271D3FC47200E150AA /* PokemonMapItemViewModel.swift */,
				30CE0E1F1D3FBF2000E150AA /* PokemonMapViewModel.swift */,
			);
			path = Map;
			sourceTree = "<group>";
		};
		30CE0E3F1D3FDFC000E150AA /* Watchlist */ = {
			isa = PBXGroup;
			children = (
				30CE0E421D3FDFE700E150AA /* PokemonWatchlistItemViewModel.swift */,
				30CE0E401D3FDFD000E150AA /* PokemonWatchlistViewModel.swift */,
			);
			path = Watchlist;
			sourceTree = "<group>";
		};
		30CE0E441D3FE25000E150AA /* Globals */ = {
			isa = PBXGroup;
			children = (
				30CE0E451D3FE25800E150AA /* Globals.swift */,
			);
			path = Globals;
			sourceTree = "<group>";
		};
		30CE0E471D3FE35000E150AA /* Cells */ = {
			isa = PBXGroup;
			children = (
				30CE0E481D3FE35D00E150AA /* WatchlistTableViewCell.swift */,
			);
			path = Cells;
			sourceTree = "<group>";
		};
		30CE0E4A1D3FE37400E150AA /* Protocols */ = {
			isa = PBXGroup;
			children = (
				30CE0E4B1D3FE37C00E150AA /* ReusableCell.swift */,
			);
			path = Protocols;
			sourceTree = "<group>";
		};
		30F661231D41386E0035150B /* PokeMapTests */ = {
			isa = PBXGroup;
			children = (
				30F661241D41386E0035150B /* PokeMapTests.swift */,
				30F661261D41386E0035150B /* Info.plist */,
			);
			path = PokeMapTests;
			sourceTree = "<group>";
		};
		4818B41DC43E65FF3FABA9DA /* Pods */ = {
			isa = PBXGroup;
			children = (
				E9A616EE7704B8A3FAC34170 /* Pods-PokeMap.debug.xcconfig */,
				983BBED647ED8D9CDAEEF6A5 /* Pods-PokeMap.release.xcconfig */,
			);
			name = Pods;
			sourceTree = "<group>";
		};
		7649783AA197CFCC71822829 /* Frameworks */ = {
			isa = PBXGroup;
			children = (
				7072DCD8B4807F5F1AB9C67A /* Pods_PokeMap.framework */,
			);
			name = Frameworks;
			sourceTree = "<group>";
		};
/* End PBXGroup section */

/* Begin PBXNativeTarget section */
		30CE0DF01D3FB8C700E150AA /* PokeMap */ = {
			isa = PBXNativeTarget;
			buildConfigurationList = 30CE0E031D3FB8C700E150AA /* Build configuration list for PBXNativeTarget "PokeMap" */;
			buildPhases = (
				76EF219BCD65CDA761647166 /* [CP] Check Pods Manifest.lock */,
				30F6612C1D4138A20035150B /* Swiftlint */,
				30CE0DED1D3FB8C700E150AA /* Sources */,
				30CE0DEE1D3FB8C700E150AA /* Frameworks */,
				30CE0DEF1D3FB8C700E150AA /* Resources */,
				5C111B0C2DE4E80399940D2C /* [CP] Embed Pods Frameworks */,
				A4F75F93FA35433FEB07E53E /* [CP] Copy Pods Resources */,
			);
			buildRules = (
			);
			dependencies = (
			);
			name = PokeMap;
			productName = PokeMap;
			productReference = 30CE0DF11D3FB8C700E150AA /* PokeMap.app */;
			productType = "com.apple.product-type.application";
		};
		30F661211D41386E0035150B /* PokeMapTests */ = {
			isa = PBXNativeTarget;
			buildConfigurationList = 30F6612B1D41386E0035150B /* Build configuration list for PBXNativeTarget "PokeMapTests" */;
			buildPhases = (
				30F6611E1D41386E0035150B /* Sources */,
				30F6611F1D41386E0035150B /* Frameworks */,
				30F661201D41386E0035150B /* Resources */,
			);
			buildRules = (
			);
			dependencies = (
				30F661281D41386E0035150B /* PBXTargetDependency */,
			);
			name = PokeMapTests;
			productName = PokeMapTests;
			productReference = 30F661221D41386E0035150B /* PokeMapTests.xctest */;
			productType = "com.apple.product-type.bundle.unit-test";
		};
/* End PBXNativeTarget section */

/* Begin PBXProject section */
		30CE0DE91D3FB8C700E150AA /* Project object */ = {
			isa = PBXProject;
			attributes = {
				LastSwiftUpdateCheck = 0730;
				LastUpgradeCheck = 0730;
				ORGANIZATIONNAME = "Faber Ventures";
				TargetAttributes = {
					30CE0DF01D3FB8C700E150AA = {
						CreatedOnToolsVersion = 7.3.1;
						DevelopmentTeam = Z48RKT6B3T;
						SystemCapabilities = {
							com.apple.BackgroundModes = {
								enabled = 1;
							};
							com.apple.Maps.iOS = {
								enabled = 0;
							};
						};
					};
					30F661211D41386E0035150B = {
						CreatedOnToolsVersion = 7.3.1;
						TestTargetID = 30CE0DF01D3FB8C700E150AA;
					};
				};
			};
			buildConfigurationList = 30CE0DEC1D3FB8C700E150AA /* Build configuration list for PBXProject "PokeMap" */;
			compatibilityVersion = "Xcode 3.2";
			developmentRegion = English;
			hasScannedForEncodings = 0;
			knownRegions = (
				en,
				Base,
			);
			mainGroup = 30CE0DE81D3FB8C700E150AA;
			productRefGroup = 30CE0DF21D3FB8C700E150AA /* Products */;
			projectDirPath = "";
			projectRoot = "";
			targets = (
				30CE0DF01D3FB8C700E150AA /* PokeMap */,
				30F661211D41386E0035150B /* PokeMapTests */,
			);
		};
/* End PBXProject section */

/* Begin PBXResourcesBuildPhase section */
		30CE0DEF1D3FB8C700E150AA /* Resources */ = {
			isa = PBXResourcesBuildPhase;
			buildActionMask = 2147483647;
			files = (
				8AA5EB951D4298D000A426FB /* Main 2.storyboard in Resources */,
				30CE0E3B1D3FDDA000E150AA /* RarePokemons.json in Resources */,
				30CE0DFF1D3FB8C700E150AA /* LaunchScreen.storyboard in Resources */,
				15724E171D40D29E0020F505 /* oeiras.gpx in Resources */,
				30CE0E131D3FBB4800E150AA /* Pokemons.json in Resources */,
				30CE0E2A1D3FC4D700E150AA /* Pokedex.json in Resources */,
				30CE0DFC1D3FB8C700E150AA /* Assets.xcassets in Resources */,
				30F6612F1D413FCC0035150B /* Scan.json in Resources */,
			);
			runOnlyForDeploymentPostprocessing = 0;
		};
		30F661201D41386E0035150B /* Resources */ = {
			isa = PBXResourcesBuildPhase;
			buildActionMask = 2147483647;
			files = (
			);
			runOnlyForDeploymentPostprocessing = 0;
		};
/* End PBXResourcesBuildPhase section */

/* Begin PBXShellScriptBuildPhase section */
		30F6612C1D4138A20035150B /* Swiftlint */ = {
			isa = PBXShellScriptBuildPhase;
			buildActionMask = 2147483647;
			files = (
			);
			inputPaths = (
			);
			name = Swiftlint;
			outputPaths = (
			);
			runOnlyForDeploymentPostprocessing = 0;
			shellPath = /bin/sh;
			shellScript = "if which swiftlint >/dev/null; then\nswiftlint\nelse\necho \"SwiftLint does not exist, download from https://github.com/realm/SwiftLint\"\nfi";
		};
		5C111B0C2DE4E80399940D2C /* [CP] Embed Pods Frameworks */ = {
			isa = PBXShellScriptBuildPhase;
			buildActionMask = 2147483647;
			files = (
			);
			inputPaths = (
			);
			name = "[CP] Embed Pods Frameworks";
			outputPaths = (
			);
			runOnlyForDeploymentPostprocessing = 0;
			shellPath = /bin/sh;
			shellScript = "\"${SRCROOT}/Pods/Target Support Files/Pods-PokeMap/Pods-PokeMap-frameworks.sh\"\n";
			showEnvVarsInLog = 0;
		};
		76EF219BCD65CDA761647166 /* [CP] Check Pods Manifest.lock */ = {
			isa = PBXShellScriptBuildPhase;
			buildActionMask = 2147483647;
			files = (
			);
			inputPaths = (
			);
			name = "[CP] Check Pods Manifest.lock";
			outputPaths = (
			);
			runOnlyForDeploymentPostprocessing = 0;
			shellPath = /bin/sh;
			shellScript = "diff \"${PODS_ROOT}/../Podfile.lock\" \"${PODS_ROOT}/Manifest.lock\" > /dev/null\nif [[ $? != 0 ]] ; then\n    cat << EOM\nerror: The sandbox is not in sync with the Podfile.lock. Run 'pod install' or update your CocoaPods installation.\nEOM\n    exit 1\nfi\n";
			showEnvVarsInLog = 0;
		};
		A4F75F93FA35433FEB07E53E /* [CP] Copy Pods Resources */ = {
			isa = PBXShellScriptBuildPhase;
			buildActionMask = 2147483647;
			files = (
			);
			inputPaths = (
			);
			name = "[CP] Copy Pods Resources";
			outputPaths = (
			);
			runOnlyForDeploymentPostprocessing = 0;
			shellPath = /bin/sh;
			shellScript = "\"${SRCROOT}/Pods/Target Support Files/Pods-PokeMap/Pods-PokeMap-resources.sh\"\n";
			showEnvVarsInLog = 0;
		};
/* End PBXShellScriptBuildPhase section */

/* Begin PBXSourcesBuildPhase section */
		30CE0DED1D3FB8C700E150AA /* Sources */ = {
			isa = PBXSourcesBuildPhase;
			buildActionMask = 2147483647;
			files = (
				30CE0E181D3FBE3700E150AA /* JSONHelper.swift in Sources */,
				30CE0E371D3FD4D300E150AA /* PokemonAnnotation.swift in Sources */,
				30CE0E201D3FBF2000E150AA /* PokemonMapViewModel.swift in Sources */,
				30CE0DF71D3FB8C700E150AA /* MapViewController.swift in Sources */,
				30CE0DF51D3FB8C700E150AA /* AppDelegate.swift in Sources */,
				30CE0E461D3FE25800E150AA /* Globals.swift in Sources */,
				30CE0E2E1D3FC57C00E150AA /* PokedexHelper.swift in Sources */,
				30CE0E3D1D3FDF9F00E150AA /* WatchlistViewController.swift in Sources */,
				30CE0E4C1D3FE37C00E150AA /* ReusableCell.swift in Sources */,
				30CE0E0E1D3FB9FD00E150AA /* Network.swift in Sources */,
				30CE0E071D3FB9BF00E150AA /* Pokemon.swift in Sources */,
				30CE0E281D3FC47200E150AA /* PokemonMapItemViewModel.swift in Sources */,
				30CE0E241D3FC31900E150AA /* Observable+Void.swift in Sources */,
				30CE0E4E1D3FE53F00E150AA /* NSObject+ClassName.swift in Sources */,
				30F6611D1D3FF08B0035150B /* LocationHelper.swift in Sources */,
				30CE0E161D3FBD1E00E150AA /* JSONReader.swift in Sources */,
				30CE0E1A1D3FBE5000E150AA /* FileReader.swift in Sources */,
				30F661311D4140210035150B /* ScanJob.swift in Sources */,
				30CE0E431D3FDFE700E150AA /* PokemonWatchlistItemViewModel.swift in Sources */,
				30CE0E491D3FE35D00E150AA /* WatchlistTableViewCell.swift in Sources */,
				30CE0E1D1D3FBEF400E150AA /* EpochDateTransform.swift in Sources */,
				30CE0E311D3FC83000E150AA /* NSTimer+Rx.swift in Sources */,
				30CE0E101D3FBA2800E150AA /* API.swift in Sources */,
				30CE0E331D3FD1F200E150AA /* Array+Unique.swift in Sources */,
				30CE0E411D3FDFD000E150AA /* PokemonWatchlistViewModel.swift in Sources */,
				30CE0E221D3FC12C00E150AA /* Response+PokeVision.swift in Sources */,
			);
			runOnlyForDeploymentPostprocessing = 0;
		};
		30F6611E1D41386E0035150B /* Sources */ = {
			isa = PBXSourcesBuildPhase;
			buildActionMask = 2147483647;
			files = (
				30F661251D41386E0035150B /* PokeMapTests.swift in Sources */,
			);
			runOnlyForDeploymentPostprocessing = 0;
		};
/* End PBXSourcesBuildPhase section */

/* Begin PBXTargetDependency section */
		30F661281D41386E0035150B /* PBXTargetDependency */ = {
			isa = PBXTargetDependency;
			target = 30CE0DF01D3FB8C700E150AA /* PokeMap */;
			targetProxy = 30F661271D41386E0035150B /* PBXContainerItemProxy */;
		};
/* End PBXTargetDependency section */

/* Begin PBXVariantGroup section */
		30CE0DFD1D3FB8C700E150AA /* LaunchScreen.storyboard */ = {
			isa = PBXVariantGroup;
			children = (
				30CE0DFE1D3FB8C700E150AA /* Base */,
			);
			name = LaunchScreen.storyboard;
			path = .;
			sourceTree = "<group>";
		};
/* End PBXVariantGroup section */

/* Begin XCBuildConfiguration section */
		30CE0E011D3FB8C700E150AA /* Debug */ = {
			isa = XCBuildConfiguration;
			buildSettings = {
				ALWAYS_SEARCH_USER_PATHS = NO;
				CLANG_ANALYZER_NONNULL = YES;
				CLANG_CXX_LANGUAGE_STANDARD = "gnu++0x";
				CLANG_CXX_LIBRARY = "libc++";
				CLANG_ENABLE_MODULES = YES;
				CLANG_ENABLE_OBJC_ARC = YES;
				CLANG_WARN_BOOL_CONVERSION = YES;
				CLANG_WARN_CONSTANT_CONVERSION = YES;
				CLANG_WARN_DIRECT_OBJC_ISA_USAGE = YES_ERROR;
				CLANG_WARN_EMPTY_BODY = YES;
				CLANG_WARN_ENUM_CONVERSION = YES;
				CLANG_WARN_INT_CONVERSION = YES;
				CLANG_WARN_OBJC_ROOT_CLASS = YES_ERROR;
				CLANG_WARN_UNREACHABLE_CODE = YES;
				CLANG_WARN__DUPLICATE_METHOD_MATCH = YES;
				"CODE_SIGN_IDENTITY[sdk=iphoneos*]" = "iPhone Developer";
				COPY_PHASE_STRIP = NO;
				DEBUG_INFORMATION_FORMAT = dwarf;
				ENABLE_STRICT_OBJC_MSGSEND = YES;
				ENABLE_TESTABILITY = YES;
				GCC_C_LANGUAGE_STANDARD = gnu99;
				GCC_DYNAMIC_NO_PIC = NO;
				GCC_NO_COMMON_BLOCKS = YES;
				GCC_OPTIMIZATION_LEVEL = 0;
				GCC_PREPROCESSOR_DEFINITIONS = (
					"DEBUG=1",
					"$(inherited)",
				);
				GCC_WARN_64_TO_32_BIT_CONVERSION = YES;
				GCC_WARN_ABOUT_RETURN_TYPE = YES_ERROR;
				GCC_WARN_UNDECLARED_SELECTOR = YES;
				GCC_WARN_UNINITIALIZED_AUTOS = YES_AGGRESSIVE;
				GCC_WARN_UNUSED_FUNCTION = YES;
				GCC_WARN_UNUSED_VARIABLE = YES;
				IPHONEOS_DEPLOYMENT_TARGET = 9.3;
				MTL_ENABLE_DEBUG_INFO = YES;
				ONLY_ACTIVE_ARCH = YES;
				SDKROOT = iphoneos;
				SWIFT_OPTIMIZATION_LEVEL = "-Onone";
				TARGETED_DEVICE_FAMILY = "1,2";
			};
			name = Debug;
		};
		30CE0E021D3FB8C700E150AA /* Release */ = {
			isa = XCBuildConfiguration;
			buildSettings = {
				ALWAYS_SEARCH_USER_PATHS = NO;
				CLANG_ANALYZER_NONNULL = YES;
				CLANG_CXX_LANGUAGE_STANDARD = "gnu++0x";
				CLANG_CXX_LIBRARY = "libc++";
				CLANG_ENABLE_MODULES = YES;
				CLANG_ENABLE_OBJC_ARC = YES;
				CLANG_WARN_BOOL_CONVERSION = YES;
				CLANG_WARN_CONSTANT_CONVERSION = YES;
				CLANG_WARN_DIRECT_OBJC_ISA_USAGE = YES_ERROR;
				CLANG_WARN_EMPTY_BODY = YES;
				CLANG_WARN_ENUM_CONVERSION = YES;
				CLANG_WARN_INT_CONVERSION = YES;
				CLANG_WARN_OBJC_ROOT_CLASS = YES_ERROR;
				CLANG_WARN_UNREACHABLE_CODE = YES;
				CLANG_WARN__DUPLICATE_METHOD_MATCH = YES;
				"CODE_SIGN_IDENTITY[sdk=iphoneos*]" = "iPhone Developer";
				COPY_PHASE_STRIP = NO;
				DEBUG_INFORMATION_FORMAT = "dwarf-with-dsym";
				ENABLE_NS_ASSERTIONS = NO;
				ENABLE_STRICT_OBJC_MSGSEND = YES;
				GCC_C_LANGUAGE_STANDARD = gnu99;
				GCC_NO_COMMON_BLOCKS = YES;
				GCC_WARN_64_TO_32_BIT_CONVERSION = YES;
				GCC_WARN_ABOUT_RETURN_TYPE = YES_ERROR;
				GCC_WARN_UNDECLARED_SELECTOR = YES;
				GCC_WARN_UNINITIALIZED_AUTOS = YES_AGGRESSIVE;
				GCC_WARN_UNUSED_FUNCTION = YES;
				GCC_WARN_UNUSED_VARIABLE = YES;
				IPHONEOS_DEPLOYMENT_TARGET = 9.3;
				MTL_ENABLE_DEBUG_INFO = NO;
				SDKROOT = iphoneos;
				TARGETED_DEVICE_FAMILY = "1,2";
				VALIDATE_PRODUCT = YES;
			};
			name = Release;
		};
		30CE0E041D3FB8C700E150AA /* Debug */ = {
			isa = XCBuildConfiguration;
			baseConfigurationReference = E9A616EE7704B8A3FAC34170 /* Pods-PokeMap.debug.xcconfig */;
			buildSettings = {
				ASSETCATALOG_COMPILER_APPICON_NAME = AppIcon;
				CODE_SIGN_IDENTITY = "iPhone Developer";
				INFOPLIST_FILE = PokeMap/Resources/Info.plist;
				LD_RUNPATH_SEARCH_PATHS = "$(inherited) @executable_path/Frameworks";
				PRODUCT_BUNDLE_IDENTIFIER = vc.faber.PokeMap;
				PRODUCT_NAME = "$(TARGET_NAME)";
			};
			name = Debug;
		};
		30CE0E051D3FB8C700E150AA /* Release */ = {
			isa = XCBuildConfiguration;
			baseConfigurationReference = 983BBED647ED8D9CDAEEF6A5 /* Pods-PokeMap.release.xcconfig */;
			buildSettings = {
				ASSETCATALOG_COMPILER_APPICON_NAME = AppIcon;
				CODE_SIGN_IDENTITY = "iPhone Developer";
				INFOPLIST_FILE = PokeMap/Resources/Info.plist;
				LD_RUNPATH_SEARCH_PATHS = "$(inherited) @executable_path/Frameworks";
				PRODUCT_BUNDLE_IDENTIFIER = vc.faber.PokeMap;
				PRODUCT_NAME = "$(TARGET_NAME)";
			};
			name = Release;
		};
		30F661291D41386E0035150B /* Debug */ = {
			isa = XCBuildConfiguration;
			buildSettings = {
				BUNDLE_LOADER = "$(TEST_HOST)";
				INFOPLIST_FILE = PokeMapTests/Info.plist;
				LD_RUNPATH_SEARCH_PATHS = "$(inherited) @executable_path/Frameworks @loader_path/Frameworks";
				PRODUCT_BUNDLE_IDENTIFIER = com.faberventures.PokeMapTests;
				PRODUCT_NAME = "$(TARGET_NAME)";
				TEST_HOST = "$(BUILT_PRODUCTS_DIR)/PokeMap.app/PokeMap";
			};
			name = Debug;
		};
		30F6612A1D41386E0035150B /* Release */ = {
			isa = XCBuildConfiguration;
			buildSettings = {
				BUNDLE_LOADER = "$(TEST_HOST)";
				INFOPLIST_FILE = PokeMapTests/Info.plist;
				LD_RUNPATH_SEARCH_PATHS = "$(inherited) @executable_path/Frameworks @loader_path/Frameworks";
				PRODUCT_BUNDLE_IDENTIFIER = com.faberventures.PokeMapTests;
				PRODUCT_NAME = "$(TARGET_NAME)";
				TEST_HOST = "$(BUILT_PRODUCTS_DIR)/PokeMap.app/PokeMap";
			};
			name = Release;
		};
/* End XCBuildConfiguration section */

/* Begin XCConfigurationList section */
		30CE0DEC1D3FB8C700E150AA /* Build configuration list for PBXProject "PokeMap" */ = {
			isa = XCConfigurationList;
			buildConfigurations = (
				30CE0E011D3FB8C700E150AA /* Debug */,
				30CE0E021D3FB8C700E150AA /* Release */,
			);
			defaultConfigurationIsVisible = 0;
			defaultConfigurationName = Release;
		};
		30CE0E031D3FB8C700E150AA /* Build configuration list for PBXNativeTarget "PokeMap" */ = {
			isa = XCConfigurationList;
			buildConfigurations = (
				30CE0E041D3FB8C700E150AA /* Debug */,
				30CE0E051D3FB8C700E150AA /* Release */,
			);
			defaultConfigurationIsVisible = 0;
			defaultConfigurationName = Release;
		};
		30F6612B1D41386E0035150B /* Build configuration list for PBXNativeTarget "PokeMapTests" */ = {
			isa = XCConfigurationList;
			buildConfigurations = (
				30F661291D41386E0035150B /* Debug */,
				30F6612A1D41386E0035150B /* Release */,
			);
			defaultConfigurationIsVisible = 0;
			defaultConfigurationName = Release;
		};
/* End XCConfigurationList section */
	};
	rootObject = 30CE0DE91D3FB8C700E150AA /* Project object */;
}
